
Microsoft Visual Studio Solution File, Format Version 12.00
# Visual Studio Version 17
VisualStudioVersion = 17.9.34622.214
MinimumVisualStudioVersion = 10.0.40219.1
Project("{FAE04EC0-301F-11D3-BF4B-00C04F79EFBC}") = "Foodie", "Foodie\Foodie.csproj", "{43495EA9-5084-427A-B7DD-561AAC322407}"
EndProject
Global
	GlobalSection(SolutionConfigurationPlatforms) = preSolution
		Debug|Any CPU = Debug|Any CPU
		Release|Any CPU = Release|Any CPU
	EndGlobalSection
	GlobalSection(ProjectConfigurationPlatforms) = postSolution
		{43495EA9-5084-427A-B7DD-561AAC322407}.Debug|Any CPU.ActiveCfg = Debug|Any CPU
		{43495EA9-5084-427A-B7DD-561AAC322407}.Debug|Any CPU.Build.0 = Debug|Any CPU
		{43495EA9-5084-427A-B7DD-561AAC322407}.Release|Any CPU.ActiveCfg = Release|Any CPU
		{43495EA9-5084-427A-B7DD-561AAC322407}.Release|Any CPU.Build.0 = Release|Any CPU
	EndGlobalSection
	GlobalSection(SolutionProperties) = preSolution
		HideSolutionNode = FALSE
	EndGlobalSection
	GlobalSection(ExtensibilityGlobals) = postSolution
		SolutionGuid = {51F17F7E-6DCC-4BED-B665-8F160F369FDB}
	EndGlobalSection
EndGlobal
